
Microsoft Visual Studio Solution File, Format Version 12.00
# Visual Studio Version 17
VisualStudioVersion = 17.0.31912.275
MinimumVisualStudioVersion = 10.0.40219.1
Project("{FAE04EC0-301F-11D3-BF4B-00C04F79EFBC}") = "жкх", "жкх\жкх.csproj", "{CC88BED0-432B-4D92-A8ED-38EE6881DDEB}"
EndProject
Global
	GlobalSection(SolutionConfigurationPlatforms) = preSolution
		Debug|Any CPU = Debug|Any CPU
		Release|Any CPU = Release|Any CPU
	EndGlobalSection
	GlobalSection(ProjectConfigurationPlatforms) = postSolution
		{CC88BED0-432B-4D92-A8ED-38EE6881DDEB}.Debug|Any CPU.ActiveCfg = Debug|Any CPU
		{CC88BED0-432B-4D92-A8ED-38EE6881DDEB}.Debug|Any CPU.Build.0 = Debug|Any CPU
		{CC88BED0-432B-4D92-A8ED-38EE6881DDEB}.Release|Any CPU.ActiveCfg = Release|Any CPU
		{CC88BED0-432B-4D92-A8ED-38EE6881DDEB}.Release|Any CPU.Build.0 = Release|Any CPU
	EndGlobalSection
	GlobalSection(SolutionProperties) = preSolution
		HideSolutionNode = FALSE
	EndGlobalSection
	GlobalSection(ExtensibilityGlobals) = postSolution
		SolutionGuid = {BEF80716-5AA6-4560-8461-25BA759AFE28}
	EndGlobalSection
EndGlobal
